# THIS IS AN AUTOGENERATED FILE. DO NOT EDIT THIS FILE DIRECTLY.
# yarn lockfile v1


"@babel/runtime@^7.7.2":
  version "7.9.6"
  resolved "https://registry.yarnpkg.com/@babel/runtime/-/runtime-7.9.6.tgz#a9102eb5cadedf3f31d08a9ecf294af7827ea29f"
  dependencies:
    regenerator-runtime "^0.13.4"

"@jimp/bmp@^0.12.1":
  version "0.12.1"
  resolved "https://registry.yarnpkg.com/@jimp/bmp/-/bmp-0.12.1.tgz#43cf1f711797c029aa7570a492769b4778638da2"
  dependencies:
    "@babel/runtime" "^7.7.2"
    "@jimp/utils" "^0.12.1"
    bmp-js "^0.1.0"

"@jimp/core@^0.12.1":
  version "0.12.1"
  resolved "https://registry.yarnpkg.com/@jimp/core/-/core-0.12.1.tgz#a46341e5476e00115b1fab399627d65f9ab2d442"
  dependencies:
    "@babel/runtime" "^7.7.2"
    "@jimp/utils" "^0.12.1"
    any-base "^1.1.0"
    buffer "^5.2.0"
    exif-parser "^0.1.12"
    file-type "^9.0.0"
    load-bmfont "^1.3.1"
    mkdirp "^0.5.1"
    phin "^2.9.1"
    pixelmatch "^4.0.2"
    tinycolor2 "^1.4.1"

"@jimp/custom@^0.12.1":
  version "0.12.1"
  resolved "https://registry.yarnpkg.com/@jimp/custom/-/custom-0.12.1.tgz#e54d0fb2c29f4eb3b5b0bd00dc4cd25a78f48af4"
  dependencies:
    "@babel/runtime" "^7.7.2"
    "@jimp/core" "^0.12.1"

"@jimp/gif@^0.12.1":
  version "0.12.1"
  resolved "https://registry.yarnpkg.com/@jimp/gif/-/gif-0.12.1.tgz#e5fe9e25796ef6390044b9f1a595e2ef2ebe9fe8"
  dependencies:
    "@babel/runtime" "^7.7.2"
    "@jimp/utils" "^0.12.1"
    omggif "^1.0.9"

"@jimp/jpeg@^0.12.1":
  version "0.12.1"
  resolved "https://registry.yarnpkg.com/@jimp/jpeg/-/jpeg-0.12.1.tgz#adaacd30d819241cdddc978dc4facc882a0846ab"
  dependencies:
    "@babel/runtime" "^7.7.2"
    "@jimp/utils" "^0.12.1"
    jpeg-js "^0.4.0"

"@jimp/plugin-blit@^0.12.1":
  version "0.12.1"
  resolved "https://registry.yarnpkg.com/@jimp/plugin-blit/-/plugin-blit-0.12.1.tgz#555a492fd71370820b7a1b85cc04ba3c58b0c4c7"
  dependencies:
    "@babel/runtime" "^7.7.2"
    "@jimp/utils" "^0.12.1"

"@jimp/plugin-blur@^0.12.1":
  version "0.12.1"
  resolved "https://registry.yarnpkg.com/@jimp/plugin-blur/-/plugin-blur-0.12.1.tgz#93cf1b6c44e4c7bbb80914ef953c8bb3dac31295"
  dependencies:
    "@babel/runtime" "^7.7.2"
    "@jimp/utils" "^0.12.1"

"@jimp/plugin-circle@^0.12.1":
  version "0.12.1"
  resolved "https://registry.yarnpkg.com/@jimp/plugin-circle/-/plugin-circle-0.12.1.tgz#56100e5b04c98b711e2c2188d0825c0e1766be69"
  dependencies:
    "@babel/runtime" "^7.7.2"
    "@jimp/utils" "^0.12.1"

"@jimp/plugin-color@^0.12.1":
  version "0.12.1"
  resolved "https://registry.yarnpkg.com/@jimp/plugin-color/-/plugin-color-0.12.1.tgz#193f4d851c29b5d393843b68385eee3d13b7ea7e"
  dependencies:
    "@babel/runtime" "^7.7.2"
    "@jimp/utils" "^0.12.1"
    tinycolor2 "^1.4.1"

"@jimp/plugin-contain@^0.12.1":
  version "0.12.1"
  resolved "https://registry.yarnpkg.com/@jimp/plugin-contain/-/plugin-contain-0.12.1.tgz#6dffe0632e5acbc5d5d17671910f6671a4849c5a"
  dependencies:
    "@babel/runtime" "^7.7.2"
    "@jimp/utils" "^0.12.1"

"@jimp/plugin-cover@^0.12.1":
  version "0.12.1"
  resolved "https://registry.yarnpkg.com/@jimp/plugin-cover/-/plugin-cover-0.12.1.tgz#c0e9005d891efbaa6533ca4d6874d3e14cc51179"
  dependencies:
    "@babel/runtime" "^7.7.2"
    "@jimp/utils" "^0.12.1"

"@jimp/plugin-crop@^0.12.1":
  version "0.12.1"
  resolved "https://registry.yarnpkg.com/@jimp/plugin-crop/-/plugin-crop-0.12.1.tgz#44a5adb5f5222c3d3c6c94410b1995fe88041ada"
  dependencies:
    "@babel/runtime" "^7.7.2"
    "@jimp/utils" "^0.12.1"

"@jimp/plugin-displace@^0.12.1":
  version "0.12.1"
  resolved "https://registry.yarnpkg.com/@jimp/plugin-displace/-/plugin-displace-0.12.1.tgz#d83b5d4d45a35b5d7b7722ec8657d46a3ccc6da1"
  dependencies:
    "@babel/runtime" "^7.7.2"
    "@jimp/utils" "^0.12.1"

"@jimp/plugin-dither@^0.12.1":
  version "0.12.1"
  resolved "https://registry.yarnpkg.com/@jimp/plugin-dither/-/plugin-dither-0.12.1.tgz#1265a063423a20b9425f5055fe3ddafaa0eea9fe"
  dependencies:
    "@babel/runtime" "^7.7.2"
    "@jimp/utils" "^0.12.1"

"@jimp/plugin-fisheye@^0.12.1":
  version "0.12.1"
  resolved "https://registry.yarnpkg.com/@jimp/plugin-fisheye/-/plugin-fisheye-0.12.1.tgz#0afa268abbfcc88212f49b2b84b04da89f35cae2"
  dependencies:
    "@babel/runtime" "^7.7.2"
    "@jimp/utils" "^0.12.1"

"@jimp/plugin-flip@^0.12.1":
  version "0.12.1"
  resolved "https://registry.yarnpkg.com/@jimp/plugin-flip/-/plugin-flip-0.12.1.tgz#b80415e69cf477d40f1960bc6081441ba0ce54dc"
  dependencies:
    "@babel/runtime" "^7.7.2"
    "@jimp/utils" "^0.12.1"

"@jimp/plugin-gaussian@^0.12.1":
  version "0.12.1"
  resolved "https://registry.yarnpkg.com/@jimp/plugin-gaussian/-/plugin-gaussian-0.12.1.tgz#7cd1fa2c7b6f6d91776af043d202aa595430c34a"
  dependencies:
    "@babel/runtime" "^7.7.2"
    "@jimp/utils" "^0.12.1"

"@jimp/plugin-invert@^0.12.1":
  version "0.12.1"
  resolved "https://registry.yarnpkg.com/@jimp/plugin-invert/-/plugin-invert-0.12.1.tgz#9403089d9f740d54be72270faa28f392bf3dff9c"
  dependencies:
    "@babel/runtime" "^7.7.2"
    "@jimp/utils" "^0.12.1"

"@jimp/plugin-mask@^0.12.1":
  version "0.12.1"
  resolved "https://registry.yarnpkg.com/@jimp/plugin-mask/-/plugin-mask-0.12.1.tgz#3cbf2c990c9ecb76b34e8c13c028bc469acfd593"
  dependencies:
    "@babel/runtime" "^7.7.2"
    "@jimp/utils" "^0.12.1"

"@jimp/plugin-normalize@^0.12.1":
  version "0.12.1"
  resolved "https://registry.yarnpkg.com/@jimp/plugin-normalize/-/plugin-normalize-0.12.1.tgz#e1cc7724792f7ace9573ed550bd9cda57e06e560"
  dependencies:
    "@babel/runtime" "^7.7.2"
    "@jimp/utils" "^0.12.1"

"@jimp/plugin-print@^0.12.1":
  version "0.12.1"
  resolved "https://registry.yarnpkg.com/@jimp/plugin-print/-/plugin-print-0.12.1.tgz#1e604cd796fcffd7a9188ce3e94a1f5f1bc56a9f"
  dependencies:
    "@babel/runtime" "^7.7.2"
    "@jimp/utils" "^0.12.1"
    load-bmfont "^1.4.0"

"@jimp/plugin-resize@^0.12.1":
  version "0.12.1"
  resolved "https://registry.yarnpkg.com/@jimp/plugin-resize/-/plugin-resize-0.12.1.tgz#cb0347320eb392136a16e179c396f636891038af"
  dependencies:
    "@babel/runtime" "^7.7.2"
    "@jimp/utils" "^0.12.1"

"@jimp/plugin-rotate@^0.12.1":
  version "0.12.1"
  resolved "https://registry.yarnpkg.com/@jimp/plugin-rotate/-/plugin-rotate-0.12.1.tgz#29101e949f96047bcee2afaba5008be8f92ed8e8"
  dependencies:
    "@babel/runtime" "^7.7.2"
    "@jimp/utils" "^0.12.1"

"@jimp/plugin-scale@^0.12.1":
  version "0.12.1"
  resolved "https://registry.yarnpkg.com/@jimp/plugin-scale/-/plugin-scale-0.12.1.tgz#bf9c2e5af47dc07d48d8ab16fecba96b40af3734"
  dependencies:
    "@babel/runtime" "^7.7.2"
    "@jimp/utils" "^0.12.1"

"@jimp/plugin-shadow@^0.12.1":
  version "0.12.1"
  resolved "https://registry.yarnpkg.com/@jimp/plugin-shadow/-/plugin-shadow-0.12.1.tgz#63508e3d321dbd057acc1e93b90c326257e0f1c3"
  dependencies:
    "@babel/runtime" "^7.7.2"
    "@jimp/utils" "^0.12.1"

"@jimp/plugin-threshold@^0.12.1":
  version "0.12.1"
  resolved "https://registry.yarnpkg.com/@jimp/plugin-threshold/-/plugin-threshold-0.12.1.tgz#deaa1ac912522b9b7353820e84c8706ff433aa04"
  dependencies:
    "@babel/runtime" "^7.7.2"
    "@jimp/utils" "^0.12.1"

"@jimp/plugins@^0.12.1":
  version "0.12.1"
  resolved "https://registry.yarnpkg.com/@jimp/plugins/-/plugins-0.12.1.tgz#450a1312184f649d81b75fc1aeff265e99c8f2b3"
  dependencies:
    "@babel/runtime" "^7.7.2"
    "@jimp/plugin-blit" "^0.12.1"
    "@jimp/plugin-blur" "^0.12.1"
    "@jimp/plugin-circle" "^0.12.1"
    "@jimp/plugin-color" "^0.12.1"
    "@jimp/plugin-contain" "^0.12.1"
    "@jimp/plugin-cover" "^0.12.1"
    "@jimp/plugin-crop" "^0.12.1"
    "@jimp/plugin-displace" "^0.12.1"
    "@jimp/plugin-dither" "^0.12.1"
    "@jimp/plugin-fisheye" "^0.12.1"
    "@jimp/plugin-flip" "^0.12.1"
    "@jimp/plugin-gaussian" "^0.12.1"
    "@jimp/plugin-invert" "^0.12.1"
    "@jimp/plugin-mask" "^0.12.1"
    "@jimp/plugin-normalize" "^0.12.1"
    "@jimp/plugin-print" "^0.12.1"
    "@jimp/plugin-resize" "^0.12.1"
    "@jimp/plugin-rotate" "^0.12.1"
    "@jimp/plugin-scale" "^0.12.1"
    "@jimp/plugin-shadow" "^0.12.1"
    "@jimp/plugin-threshold" "^0.12.1"
    timm "^1.6.1"

"@jimp/png@^0.12.1":
  version "0.12.1"
  resolved "https://registry.yarnpkg.com/@jimp/png/-/png-0.12.1.tgz#85d99ed6304e7d37f8e5279b3b4b058ed28a7f67"
  dependencies:
    "@babel/runtime" "^7.7.2"
    "@jimp/utils" "^0.12.1"
    pngjs "^3.3.3"

"@jimp/tiff@^0.12.1":
  version "0.12.1"
  resolved "https://registry.yarnpkg.com/@jimp/tiff/-/tiff-0.12.1.tgz#ce2cd058d0f3a9fe43564866b6a64a815c141a9e"
  dependencies:
    "@babel/runtime" "^7.7.2"
    utif "^2.0.1"

"@jimp/types@^0.12.1":
  version "0.12.1"
  resolved "https://registry.yarnpkg.com/@jimp/types/-/types-0.12.1.tgz#2671e228bd1abc7f086e2f4316097c15aa4b41c0"
  dependencies:
    "@babel/runtime" "^7.7.2"
    "@jimp/bmp" "^0.12.1"
    "@jimp/gif" "^0.12.1"
    "@jimp/jpeg" "^0.12.1"
    "@jimp/png" "^0.12.1"
    "@jimp/tiff" "^0.12.1"
    timm "^1.6.1"

"@jimp/utils@^0.12.1":
  version "0.12.1"
  resolved "https://registry.yarnpkg.com/@jimp/utils/-/utils-0.12.1.tgz#e9ab43dcd55f88a8fdf250a84bcf43d09713bd9d"
  dependencies:
    "@babel/runtime" "^7.7.2"
    regenerator-runtime "^0.13.3"

any-base@^1.1.0:
  version "1.1.0"
  resolved "https://registry.yarnpkg.com/any-base/-/any-base-1.1.0.tgz#ae101a62bc08a597b4c9ab5b7089d456630549fe"

base64-js@^1.0.2:
  version "1.3.1"
  resolved "https://registry.yarnpkg.com/base64-js/-/base64-js-1.3.1.tgz#58ece8cb75dd07e71ed08c736abc5fac4dbf8df1"

bmp-js@^0.1.0:
  version "0.1.0"
  resolved "https://registry.yarnpkg.com/bmp-js/-/bmp-js-0.1.0.tgz#e05a63f796a6c1ff25f4771ec7adadc148c07233"

buffer-equal@0.0.1:
  version "0.0.1"
  resolved "https://registry.yarnpkg.com/buffer-equal/-/buffer-equal-0.0.1.tgz#91bc74b11ea405bc916bc6aa908faafa5b4aac4b"

buffer@^5.2.0:
  version "5.6.0"
  resolved "https://registry.yarnpkg.com/buffer/-/buffer-5.6.0.tgz#a31749dc7d81d84db08abf937b6b8c4033f62786"
  dependencies:
    base64-js "^1.0.2"
    ieee754 "^1.1.4"

dom-walk@^0.1.0:
  version "0.1.2"
  resolved "https://registry.yarnpkg.com/dom-walk/-/dom-walk-0.1.2.tgz#0c548bef048f4d1f2a97249002236060daa3fd84"

exif-parser@^0.1.12:
  version "0.1.12"
  resolved "https://registry.yarnpkg.com/exif-parser/-/exif-parser-0.1.12.tgz#58a9d2d72c02c1f6f02a0ef4a9166272b7760922"

file-type@^9.0.0:
  version "9.0.0"
  resolved "https://registry.yarnpkg.com/file-type/-/file-type-9.0.0.tgz#a68d5ad07f486414dfb2c8866f73161946714a18"

global@~4.3.0:
  version "4.3.2"
  resolved "https://registry.yarnpkg.com/global/-/global-4.3.2.tgz#e76989268a6c74c38908b1305b10fc0e394e9d0f"
  dependencies:
    min-document "^2.19.0"
    process "~0.5.1"

ieee754@^1.1.4:
  version "1.1.13"
  resolved "https://registry.yarnpkg.com/ieee754/-/ieee754-1.1.13.tgz#ec168558e95aa181fd87d37f55c32bbcb6708b84"

is-function@^1.0.1:
  version "1.0.2"
  resolved "https://registry.yarnpkg.com/is-function/-/is-function-1.0.2.tgz#4f097f30abf6efadac9833b17ca5dc03f8144e08"

jimp@^0.12.1:
  version "0.12.1"
  resolved "https://registry.yarnpkg.com/jimp/-/jimp-0.12.1.tgz#3e58fdd16ebb2b8f00a09be3dd5c54f79ffae04a"
  dependencies:
    "@babel/runtime" "^7.7.2"
    "@jimp/custom" "^0.12.1"
    "@jimp/plugins" "^0.12.1"
    "@jimp/types" "^0.12.1"
    regenerator-runtime "^0.13.3"

jpeg-js@^0.4.0:
  version "0.4.0"
  resolved "https://registry.yarnpkg.com/jpeg-js/-/jpeg-js-0.4.0.tgz#39adab7245b6d11e918ba5d4b49263ff2fc6a2f9"

load-bmfont@^1.3.1, load-bmfont@^1.4.0:
  version "1.4.0"
  resolved "https://registry.yarnpkg.com/load-bmfont/-/load-bmfont-1.4.0.tgz#75f17070b14a8c785fe7f5bee2e6fd4f98093b6b"
  dependencies:
    buffer-equal "0.0.1"
    mime "^1.3.4"
    parse-bmfont-ascii "^1.0.3"
    parse-bmfont-binary "^1.0.5"
    parse-bmfont-xml "^1.1.4"
    phin "^2.9.1"
    xhr "^2.0.1"
    xtend "^4.0.0"

mime@^1.3.4:
  version "1.6.0"
  resolved "https://registry.yarnpkg.com/mime/-/mime-1.6.0.tgz#32cd9e5c64553bd58d19a568af452acff04981b1"

min-document@^2.19.0:
  version "2.19.0"
  resolved "https://registry.yarnpkg.com/min-document/-/min-document-2.19.0.tgz#7bd282e3f5842ed295bb748cdd9f1ffa2c824685"
  dependencies:
    dom-walk "^0.1.0"

minimist@^1.2.5:
  version "1.2.5"
  resolved "https://registry.yarnpkg.com/minimist/-/minimist-1.2.5.tgz#67d66014b66a6a8aaa0c083c5fd58df4e4e97602"

mkdirp@^0.5.1:
  version "0.5.5"
  resolved "https://registry.yarnpkg.com/mkdirp/-/mkdirp-0.5.5.tgz#d91cefd62d1436ca0f41620e251288d420099def"
  dependencies:
    minimist "^1.2.5"

omggif@^1.0.9:
  version "1.0.10"
  resolved "https://registry.yarnpkg.com/omggif/-/omggif-1.0.10.tgz#ddaaf90d4a42f532e9e7cb3a95ecdd47f17c7b19"

pako@^1.0.5:
  version "1.0.11"
  resolved "https://registry.yarnpkg.com/pako/-/pako-1.0.11.tgz#6c9599d340d54dfd3946380252a35705a6b992bf"

parse-bmfont-ascii@^1.0.3:
  version "1.0.6"
  resolved "https://registry.yarnpkg.com/parse-bmfont-ascii/-/parse-bmfont-ascii-1.0.6.tgz#11ac3c3ff58f7c2020ab22769079108d4dfa0285"

parse-bmfont-binary@^1.0.5:
  version "1.0.6"
  resolved "https://registry.yarnpkg.com/parse-bmfont-binary/-/parse-bmfont-binary-1.0.6.tgz#d038b476d3e9dd9db1e11a0b0e53a22792b69006"

parse-bmfont-xml@^1.1.4:
  version "1.1.4"
  resolved "https://registry.yarnpkg.com/parse-bmfont-xml/-/parse-bmfont-xml-1.1.4.tgz#015319797e3e12f9e739c4d513872cd2fa35f389"
  dependencies:
    xml-parse-from-string "^1.0.0"
    xml2js "^0.4.5"

parse-headers@^2.0.0:
  version "2.0.3"
  resolved "https://registry.yarnpkg.com/parse-headers/-/parse-headers-2.0.3.tgz#5e8e7512383d140ba02f0c7aa9f49b4399c92515"

phin@^2.9.1:
  version "2.9.3"
  resolved "https://registry.yarnpkg.com/phin/-/phin-2.9.3.tgz#f9b6ac10a035636fb65dfc576aaaa17b8743125c"

pixelmatch@^4.0.2:
  version "4.0.2"
  resolved "https://registry.yarnpkg.com/pixelmatch/-/pixelmatch-4.0.2.tgz#8f47dcec5011b477b67db03c243bc1f3085e8854"
  dependencies:
    pngjs "^3.0.0"

pngjs@^3.0.0, pngjs@^3.3.3:
  version "3.4.0"
  resolved "https://registry.yarnpkg.com/pngjs/-/pngjs-3.4.0.tgz#99ca7d725965fb655814eaf65f38f12bbdbf555f"

process@~0.5.1:
  version "0.5.2"
  resolved "https://registry.yarnpkg.com/process/-/process-0.5.2.tgz#1638d8a8e34c2f440a91db95ab9aeb677fc185cf"

regenerator-runtime@^0.13.3, regenerator-runtime@^0.13.4:
  version "0.13.5"
  resolved "https://registry.yarnpkg.com/regenerator-runtime/-/regenerator-runtime-0.13.5.tgz#d878a1d094b4306d10b9096484b33ebd55e26697"

sax@>=0.6.0:
  version "1.2.4"
  resolved "https://registry.yarnpkg.com/sax/-/sax-1.2.4.tgz#2816234e2378bddc4e5354fab5caa895df7100d9"

timm@^1.6.1:
  version "1.6.2"
  resolved "https://registry.yarnpkg.com/timm/-/timm-1.6.2.tgz#dfd8c6719f7ba1fcfc6295a32670a1c6d166c0bd"

tinycolor2@^1.4.1:
  version "1.4.1"
  resolved "https://registry.yarnpkg.com/tinycolor2/-/tinycolor2-1.4.1.tgz#f4fad333447bc0b07d4dc8e9209d8f39a8ac77e8"

utif@^2.0.1:
  version "2.0.1"
  resolved "https://registry.yarnpkg.com/utif/-/utif-2.0.1.tgz#9e1582d9bbd20011a6588548ed3266298e711759"
  dependencies:
    pako "^1.0.5"

xhr@^2.0.1:
  version "2.5.0"
  resolved "https://registry.yarnpkg.com/xhr/-/xhr-2.5.0.tgz#bed8d1676d5ca36108667692b74b316c496e49dd"
  dependencies:
    global "~4.3.0"
    is-function "^1.0.1"
    parse-headers "^2.0.0"
    xtend "^4.0.0"

xml-parse-from-string@^1.0.0:
  version "1.0.1"
  resolved "https://registry.yarnpkg.com/xml-parse-from-string/-/xml-parse-from-string-1.0.1.tgz#a9029e929d3dbcded169f3c6e28238d95a5d5a28"

xml2js@^0.4.5:
  version "0.4.23"
  resolved "https://registry.yarnpkg.com/xml2js/-/xml2js-0.4.23.tgz#a0c69516752421eb2ac758ee4d4ccf58843eac66"
  dependencies:
    sax ">=0.6.0"
    xmlbuilder "~11.0.0"

xmlbuilder@~11.0.0:
  version "11.0.1"
  resolved "https://registry.yarnpkg.com/xmlbuilder/-/xmlbuilder-11.0.1.tgz#be9bae1c8a046e76b31127726347d0ad7002beb3"

xtend@^4.0.0:
  version "4.0.2"
  resolved "https://registry.yarnpkg.com/xtend/-/xtend-4.0.2.tgz#bb72779f5fa465186b1f438f674fa347fdb5db54"
