# THIS IS AN AUTOGENERATED FILE. DO NOT EDIT THIS FILE DIRECTLY.
# yarn lockfile v1


bmp-js@^0.1.0:
  version "0.1.0"
  resolved "https://registry.yarnpkg.com/bmp-js/-/bmp-js-0.1.0.tgz#e05a63f796a6c1ff25f4771ec7adadc148c07233"

file-type@^12.4.1:
  version "12.4.2"
  resolved "https://registry.yarnpkg.com/file-type/-/file-type-12.4.2.tgz#a344ea5664a1d01447ee7fb1b635f72feb6169d9"

idb-keyval@^3.2.0:
  version "3.2.0"
  resolved "https://registry.yarnpkg.com/idb-keyval/-/idb-keyval-3.2.0.tgz#cbbf354deb5684b6cdc84376294fc05932845bd6"

is-electron@^2.2.0:
  version "2.2.0"
  resolved "https://registry.yarnpkg.com/is-electron/-/is-electron-2.2.0.tgz#8943084f09e8b731b3a7a0298a7b5d56f6b7eef0"

is-url@^1.2.4:
  version "1.2.4"
  resolved "https://registry.yarnpkg.com/is-url/-/is-url-1.2.4.tgz#04a4df46d28c4cff3d73d01ff06abeb318a1aa52"

node-fetch@^2.6.0:
  version "2.6.0"
  resolved "https://registry.yarnpkg.com/node-fetch/-/node-fetch-2.6.0.tgz#e633456386d4aa55863f676a7ab0daa8fdecb0fd"

opencollective-postinstall@^2.0.2:
  version "2.0.2"
  resolved "https://registry.yarnpkg.com/opencollective-postinstall/-/opencollective-postinstall-2.0.2.tgz#5657f1bede69b6e33a45939b061eb53d3c6c3a89"

regenerator-runtime@^0.13.3:
  version "0.13.5"
  resolved "https://registry.yarnpkg.com/regenerator-runtime/-/regenerator-runtime-0.13.5.tgz#d878a1d094b4306d10b9096484b33ebd55e26697"

resolve-url@^0.2.1:
  version "0.2.1"
  resolved "https://registry.yarnpkg.com/resolve-url/-/resolve-url-0.2.1.tgz#2c637fe77c893afd2a663fe21aa9080068e2052a"

tesseract.js-core@^2.2.0:
  version "2.2.0"
  resolved "https://registry.yarnpkg.com/tesseract.js-core/-/tesseract.js-core-2.2.0.tgz#6ef78051272a381969fac3e45a226e85022cffef"

tesseract.js@^2.1.1:
  version "2.1.1"
  resolved "https://registry.yarnpkg.com/tesseract.js/-/tesseract.js-2.1.1.tgz#5c50fc95542ce8d834cb952bfb75a8fc85f1441d"
  dependencies:
    bmp-js "^0.1.0"
    file-type "^12.4.1"
    idb-keyval "^3.2.0"
    is-electron "^2.2.0"
    is-url "^1.2.4"
    node-fetch "^2.6.0"
    opencollective-postinstall "^2.0.2"
    regenerator-runtime "^0.13.3"
    resolve-url "^0.2.1"
    tesseract.js-core "^2.2.0"
    zlibjs "^0.3.1"

uuid@^3.3.3:
  version "3.3.3"
  resolved "https://registry.yarnpkg.com/uuid/-/uuid-3.3.3.tgz#4568f0216e78760ee1dbf3a4d2cf53e224112866"

zlibjs@^0.3.1:
  version "0.3.1"
  resolved "https://registry.yarnpkg.com/zlibjs/-/zlibjs-0.3.1.tgz#50197edb28a1c42ca659cc8b4e6a9ddd6d444554"
