# THIS IS AN AUTOGENERATED FILE. DO NOT EDIT THIS FILE DIRECTLY.
# yarn lockfile v1


three@^0.104.0:
  version "0.104.0"
  resolved "https://registry.yarnpkg.com/three/-/three-0.104.0.tgz#9ad1da492153b753a89e0df066631215bd9d9087"
  integrity sha512-q617IMBC5k40U2E9UC4/LtmhzTOOLB1jGMIooUL+QrhZ7abiGCSDrKrpCDt9V8RTl6xw+0FYfA1PYsIPKbQOgg==
