# THIS IS AN AUTOGENERATED FILE. DO NOT EDIT THIS FILE DIRECTLY.
# yarn lockfile v1


"17-publish-component-library@^1.0.3":
  version "1.0.3"
  resolved "https://registry.yarnpkg.com/17-publish-component-library/-/17-publish-component-library-1.0.3.tgz#a45b28cf6616654eda28349e22a7d6986941bbcb"
  integrity sha512-gr/g8Wm4QQ8BsvOtj/1xczYom+MvBO7awRmhveIF2ABEZXpSUWiPbHb1Sf4uWtfyWjiHcrLbcWBuDny6dS7Nvg==
