# THIS IS AN AUTOGENERATED FILE. DO NOT EDIT THIS FILE DIRECTLY.
# yarn lockfile v1


cesium@^1.57.0:
  version "1.57.0"
  resolved "https://registry.yarnpkg.com/cesium/-/cesium-1.57.0.tgz#de5c6a8b2735ffcc41f8e41240811c71e8346842"
  integrity sha512-EPh38EQdkd9nngbSSB3Yqacqy4MxdnDHLVTP208M+bwQ7Apee5BwDgP4bMp/tKfw2b5Jk1W9w6s9Top5hbo2og==
  dependencies:
    requirejs "^2.3.2"

requirejs@^2.3.2:
  version "2.3.6"
  resolved "https://registry.yarnpkg.com/requirejs/-/requirejs-2.3.6.tgz#e5093d9601c2829251258c0b9445d4d19fa9e7c9"
  integrity sha512-ipEzlWQe6RK3jkzikgCupiTbTvm4S0/CAU5GlgptkN5SO6F3u0UD0K18wy6ErDqiCyP4J4YYe1HuAShvsxePLg==
